
Microsoft Visual Studio Solution File, Format Version 12.00
# Visual Studio Version 17
VisualStudioVersion = 17.6.33829.357
MinimumVisualStudioVersion = 10.0.40219.1
Project("{9A19103F-16F7-4668-BE54-9A1E7A4F7556}") = "SpeciesDatabaseApi", "SpeciesDatabaseApi\SpeciesDatabaseApi.csproj", "{65A0ED60-96B0-4ED0-AE3C-93AA564F351F}"
EndProject
Project("{9A19103F-16F7-4668-BE54-9A1E7A4F7556}") = "SpeciesDatabaseCmd", "SpeciesDatabaseCmd\SpeciesDatabaseCmd.csproj", "{D4963712-D49C-41C3-AC8A-4A4C978995D8}"
	ProjectSection(ProjectDependencies) = postProject
		{65A0ED60-96B0-4ED0-AE3C-93AA564F351F} = {65A0ED60-96B0-4ED0-AE3C-93AA564F351F}
	EndProjectSection
EndProject
Project("{2150E333-8FDC-42A3-9474-1A3956D46DE8}") = "root", "root", "{6A94D7AD-3E56-49F1-B451-FFFA33348CED}"
	ProjectSection(SolutionItems) = preProject
		CHANGELOG.md = CHANGELOG.md
		Directory.Build.props = Directory.Build.props
		LICENSE.txt = LICENSE.txt
		README.md = README.md
	EndProjectSection
EndProject
Global
	GlobalSection(SolutionConfigurationPlatforms) = preSolution
		Debug|Any CPU = Debug|Any CPU
		Release|Any CPU = Release|Any CPU
	EndGlobalSection
	GlobalSection(ProjectConfigurationPlatforms) = postSolution
		{65A0ED60-96B0-4ED0-AE3C-93AA564F351F}.Debug|Any CPU.ActiveCfg = Debug|Any CPU
		{65A0ED60-96B0-4ED0-AE3C-93AA564F351F}.Debug|Any CPU.Build.0 = Debug|Any CPU
		{65A0ED60-96B0-4ED0-AE3C-93AA564F351F}.Release|Any CPU.ActiveCfg = Release|Any CPU
		{65A0ED60-96B0-4ED0-AE3C-93AA564F351F}.Release|Any CPU.Build.0 = Release|Any CPU
		{D4963712-D49C-41C3-AC8A-4A4C978995D8}.Debug|Any CPU.ActiveCfg = Debug|Any CPU
		{D4963712-D49C-41C3-AC8A-4A4C978995D8}.Debug|Any CPU.Build.0 = Debug|Any CPU
		{D4963712-D49C-41C3-AC8A-4A4C978995D8}.Release|Any CPU.ActiveCfg = Release|Any CPU
		{D4963712-D49C-41C3-AC8A-4A4C978995D8}.Release|Any CPU.Build.0 = Release|Any CPU
	EndGlobalSection
	GlobalSection(SolutionProperties) = preSolution
		HideSolutionNode = FALSE
	EndGlobalSection
	GlobalSection(ExtensibilityGlobals) = postSolution
		SolutionGuid = {1912603B-D099-47FB-8E7F-A8B42CD2F6A3}
	EndGlobalSection
EndGlobal
